// !$*UTF8*$!
{
	archiveVersion = 1;
	classes = {
	};
	objectVersion = 46;
	objects = {

/* Begin PBXBuildFile section */
		040303C91FC6CD1B00E5C3B6 /* AppDelegate.swift in Sources */ = {isa = PBXBuildFile; fileRef = 040303C81FC6CD1B00E5C3B6 /* AppDelegate.swift */; };
		040303CB1FC6CD1B00E5C3B6 /* ViewController.swift in Sources */ = {isa = PBXBuildFile; fileRef = 040303CA1FC6CD1B00E5C3B6 /* ViewController.swift */; };
		040303CE1FC6CD1B00E5C3B6 /* Main.storyboard in Resources */ = {isa = PBXBuildFile; fileRef = 040303CC1FC6CD1B00E5C3B6 /* Main.storyboard */; };
		040303D01FC6CD1B00E5C3B6 /* Assets.xcassets in Resources */ = {isa = PBXBuildFile; fileRef = 040303CF1FC6CD1B00E5C3B6 /* Assets.xcassets */; };
		040303D31FC6CD1B00E5C3B6 /* LaunchScreen.storyboard in Resources */ = {isa = PBXBuildFile; fileRef = 040303D11FC6CD1B00E5C3B6 /* LaunchScreen.storyboard */; };
/* End PBXBuildFile section */

/* Begin PBXFileReference section */
		040303C51FC6CD1B00E5C3B6 /* MyDemo.app */ = {isa = PBXFileReference; explicitFileType = wrapper.application; includeInIndex = 0; path = MyDemo.app; sourceTree = BUILT_PRODUCTS_DIR; };
		040303C81FC6CD1B00E5C3B6 /* AppDelegate.swift */ = {isa = PBXFileReference; lastKnownFileType = sourcecode.swift; path = AppDelegate.swift; sourceTree = "<group>"; };
		040303CA1FC6CD1B00E5C3B6 /* ViewController.swift */ = {isa = PBXFileReference; lastKnownFileType = sourcecode.swift; path = ViewController.swift; sourceTree = "<group>"; };
		040303CD1FC6CD1B00E5C3B6 /* Base */ = {isa = PBXFileReference; lastKnownFileType = file.storyboard; name = Base; path = Base.lproj/Main.storyboard; sourceTree = "<group>"; };
		040303CF1FC6CD1B00E5C3B6 /* Assets.xcassets */ = {isa = PBXFileReference; lastKnownFileType = folder.assetcatalog; path = Assets.xcassets; sourceTree = "<group>"; };
		040303D21FC6CD1B00E5C3B6 /* Base */ = {isa = PBXFileReference; lastKnownFileType = file.storyboard; name = Base; path = Base.lproj/LaunchScreen.storyboard; sourceTree = "<group>"; };
		040303D41FC6CD1B00E5C3B6 /* Info.plist */ = {isa = PBXFileReference; lastKnownFileType = text.plist.xml; path = Info.plist; sourceTree = "<group>"; };
/* End PBXFileReference section */

/* Begin PBXFrameworksBuildPhase section */
		040303C21FC6CD1B00E5C3B6 /* Frameworks */ = {
			isa = PBXFrameworksBuildPhase;
			buildActionMask = 2147483647;
			files = (
			);
			runOnlyForDeploymentPostprocessing = 0;
		};
/* End PBXFrameworksBuildPhase section */

/* Begin PBXGroup section */
		040303BC1FC6CD1B00E5C3B6 = {
			isa = PBXGroup;
			children = (
				040303C71FC6CD1B00E5C3B6 /* MyDemo */,
				040303C61FC6CD1B00E5C3B6 /* Products */,
			);
			sourceTree = "<group>";
		};
		040303C61FC6CD1B00E5C3B6 /* Products */ = {
			isa = PBXGroup;
			children = (
				040303C51FC6CD1B00E5C3B6 /* MyDemo.app */,
			);
			name = Products;
			sourceTree = "<group>";
		};
		040303C71FC6CD1B00E5C3B6 /* MyDemo */ = {
			isa = PBXGroup;
			children = (
				040303C81FC6CD1B00E5C3B6 /* AppDelegate.swift */,
				040303CA1FC6CD1B00E5C3B6 /* ViewController.swift */,
				040303CC1FC6CD1B00E5C3B6 /* Main.storyboard */,
				040303CF1FC6CD1B00E5C3B6 /* Assets.xcassets */,
				040303D11FC6CD1B00E5C3B6 /* LaunchScreen.storyboard */,
				040303D41FC6CD1B00E5C3B6 /* Info.plist */,
			);
			path = MyDemo;
			sourceTree = "<group>";
		};
/* End PBXGroup section */

/* Begin PBXNativeTarget section */
		040303C41FC6CD1B00E5C3B6 /* MyDemo */ = {
			isa = PBXNativeTarget;
			buildConfigurationList = 040303D71FC6CD1B00E5C3B6 /* Build configuration list for PBXNativeTarget "MyDemo" */;
			buildPhases = (
				040303C11FC6CD1B00E5C3B6 /* Sources */,
				040303C21FC6CD1B00E5C3B6 /* Frameworks */,
				040303C31FC6CD1B00E5C3B6 /* Resources */,
			);
			buildRules = (
			);
			dependencies = (
			);
			name = MyDemo;
			productName = MyDemo;
			productReference = 040303C51FC6CD1B00E5C3B6 /* MyDemo.app */;
			productType = "com.apple.product-type.application";
		};
/* End PBXNativeTarget section */

/* Begin PBXProject section */
		040303BD1FC6CD1B00E5C3B6 /* Project object */ = {
			isa = PBXProject;
			attributes = {
				LastSwiftUpdateCheck = 0830;
				LastUpgradeCheck = 0830;
				ORGANIZATIONNAME = Seven;
				TargetAttributes = {
					040303C41FC6CD1B00E5C3B6 = {
						CreatedOnToolsVersion = 8.3.2;
						DevelopmentTeam = EEQB59Y365;
						ProvisioningStyle = Automatic;
					};
				};
			};
			buildConfigurationList = 040303C01FC6CD1B00E5C3B6 /* Build configuration list for PBXProject "MyDemo" */;
			compatibilityVersion = "Xcode 3.2";
			developmentRegion = English;
			hasScannedForEncodings = 0;
			knownRegions = (
				en,
				Base,
			);
			mainGroup = 040303BC1FC6CD1B00E5C3B6;
			productRefGroup = 040303C61FC6CD1B00E5C3B6 /* Products */;
			projectDirPath = "";
			projectRoot = "";
			targets = (
				040303C41FC6CD1B00E5C3B6 /* MyDemo */,
			);
		};
/* End PBXProject section */

/* Begin PBXResourcesBuildPhase section */
		040303C31FC6CD1B00E5C3B6 /* Resources */ = {
			isa = PBXResourcesBuildPhase;
			buildActionMask = 2147483647;
			files = (
				040303D31FC6CD1B00E5C3B6 /* LaunchScreen.storyboard in Resources */,
				040303D01FC6CD1B00E5C3B6 /* Assets.xcassets in Resources */,
				040303CE1FC6CD1B00E5C3B6 /* Main.storyboard in Resources */,
			);
			runOnlyForDeploymentPostprocessing = 0;
		};
/* End PBXResourcesBuildPhase section */

/* Begin PBXSourcesBuildPhase section */
		040303C11FC6CD1B00E5C3B6 /* Sources */ = {
			isa = PBXSourcesBuildPhase;
			buildActionMask = 2147483647;
			files = (
				040303CB1FC6CD1B00E5C3B6 /* ViewController.swift in Sources */,
				040303C91FC6CD1B00E5C3B6 /* AppDelegate.swift in Sources */,
			);
			runOnlyForDeploymentPostprocessing = 0;
		};
/* End PBXSourcesBuildPhase section */

/* Begin PBXVariantGroup section */
		040303CC1FC6CD1B00E5C3B6 /* Main.storyboard */ = {
			isa = PBXVariantGroup;
			children = (
				040303CD1FC6CD1B00E5C3B6 /* Base */,
			);
			name = Main.storyboard;
			sourceTree = "<group>";
		};
		040303D11FC6CD1B00E5C3B6 /* LaunchScreen.storyboard */ = {
			isa = PBXVariantGroup;
			children = (
				040303D21FC6CD1B00E5C3B6 /* Base */,
			);
			name = LaunchScreen.storyboard;
			sourceTree = "<group>";
		};
/* End PBXVariantGroup section */

/* Begin XCBuildConfiguration section */
		040303D51FC6CD1B00E5C3B6 /* Debug */ = {
			isa = XCBuildConfiguration;
			buildSettings = {
				ALWAYS_SEARCH_USER_PATHS = NO;
				CLANG_ANALYZER_NONNULL = YES;
				CLANG_ANALYZER_NUMBER_OBJECT_CONVERSION = YES_AGGRESSIVE;
				CLANG_CXX_LANGUAGE_STANDARD = "gnu++0x";
				CLANG_CXX_LIBRARY = "libc++";
				CLANG_ENABLE_MODULES = YES;
				CLANG_ENABLE_OBJC_ARC = YES;
				CLANG_WARN_BOOL_CONVERSION = YES;
				CLANG_WARN_CONSTANT_CONVERSION = YES;
				CLANG_WARN_DIRECT_OBJC_ISA_USAGE = YES_ERROR;
				CLANG_WARN_DOCUMENTATION_COMMENTS = YES;
				CLANG_WARN_EMPTY_BODY = YES;
				CLANG_WARN_ENUM_CONVERSION = YES;
				CLANG_WARN_INFINITE_RECURSION = YES;
				CLANG_WARN_INT_CONVERSION = YES;
				CLANG_WARN_OBJC_ROOT_CLASS = YES_ERROR;
				CLANG_WARN_SUSPICIOUS_MOVE = YES;
				CLANG_WARN_UNREACHABLE_CODE = YES;
				CLANG_WARN__DUPLICATE_METHOD_MATCH = YES;
				"CODE_SIGN_IDENTITY[sdk=iphoneos*]" = "iPhone Developer";
				COPY_PHASE_STRIP = NO;
				DEBUG_INFORMATION_FORMAT = dwarf;
				ENABLE_STRICT_OBJC_MSGSEND = YES;
				ENABLE_TESTABILITY = YES;
				GCC_C_LANGUAGE_STANDARD = gnu99;
				GCC_DYNAMIC_NO_PIC = NO;
				GCC_NO_COMMON_BLOCKS = YES;
				GCC_OPTIMIZATION_LEVEL = 0;
				GCC_PREPROCESSOR_DEFINITIONS = (
					"DEBUG=1",
					"$(inherited)",
				);
				GCC_WARN_64_TO_32_BIT_CONVERSION = YES;
				GCC_WARN_ABOUT_RETURN_TYPE = YES_ERROR;
				GCC_WARN_UNDECLARED_SELECTOR = YES;
				GCC_WARN_UNINITIALIZED_AUTOS = YES_AGGRESSIVE;
				GCC_WARN_UNUSED_FUNCTION = YES;
				GCC_WARN_UNUSED_VARIABLE = YES;
				IPHONEOS_DEPLOYMENT_TARGET = 10.3;
				MTL_ENABLE_DEBUG_INFO = YES;
				ONLY_ACTIVE_ARCH = YES;
				SDKROOT = iphoneos;
				SWIFT_ACTIVE_COMPILATION_CONDITIONS = DEBUG;
				SWIFT_OPTIMIZATION_LEVEL = "-Onone";
			};
			name = Debug;
		};
		040303D61FC6CD1B00E5C3B6 /* Release */ = {
			isa = XCBuildConfiguration;
			buildSettings = {
				ALWAYS_SEARCH_USER_PATHS = NO;
				CLANG_ANALYZER_NONNULL = YES;
				CLANG_ANALYZER_NUMBER_OBJECT_CONVERSION = YES_AGGRESSIVE;
				CLANG_CXX_LANGUAGE_STANDARD = "gnu++0x";
				CLANG_CXX_LIBRARY = "libc++";
				CLANG_ENABLE_MODULES = YES;
				CLANG_ENABLE_OBJC_ARC = YES;
				CLANG_WARN_BOOL_CONVERSION = YES;
				CLANG_WARN_CONSTANT_CONVERSION = YES;
				CLANG_WARN_DIRECT_OBJC_ISA_USAGE = YES_ERROR;
				CLANG_WARN_DOCUMENTATION_COMMENTS = YES;
				CLANG_WARN_EMPTY_BODY = YES;
				CLANG_WARN_ENUM_CONVERSION = YES;
				CLANG_WARN_INFINITE_RECURSION = YES;
				CLANG_WARN_INT_CONVERSION = YES;
				CLANG_WARN_OBJC_ROOT_CLASS = YES_ERROR;
				CLANG_WARN_SUSPICIOUS_MOVE = YES;
				CLANG_WARN_UNREACHABLE_CODE = YES;
				CLANG_WARN__DUPLICATE_METHOD_MATCH = YES;
				"CODE_SIGN_IDENTITY[sdk=iphoneos*]" = "iPhone Developer";
				COPY_PHASE_STRIP = NO;
				DEBUG_INFORMATION_FORMAT = "dwarf-with-dsym";
				ENABLE_NS_ASSERTIONS = NO;
				ENABLE_STRICT_OBJC_MSGSEND = YES;
				GCC_C_LANGUAGE_STANDARD = gnu99;
				GCC_NO_COMMON_BLOCKS = YES;
				GCC_WARN_64_TO_32_BIT_CONVERSION = YES;
				GCC_WARN_ABOUT_RETURN_TYPE = YES_ERROR;
				GCC_WARN_UNDECLARED_SELECTOR = YES;
				GCC_WARN_UNINITIALIZED_AUTOS = YES_AGGRESSIVE;
				GCC_WARN_UNUSED_FUNCTION = YES;
				GCC_WARN_UNUSED_VARIABLE = YES;
				IPHONEOS_DEPLOYMENT_TARGET = 10.3;
				MTL_ENABLE_DEBUG_INFO = NO;
				SDKROOT = iphoneos;
				SWIFT_OPTIMIZATION_LEVEL = "-Owholemodule";
				VALIDATE_PRODUCT = YES;
			};
			name = Release;
		};
		040303D81FC6CD1B00E5C3B6 /* Debug */ = {
			isa = XCBuildConfiguration;
			buildSettings = {
				ASSETCATALOG_COMPILER_APPICON_NAME = AppIcon;
				DEVELOPMENT_TEAM = EEQB59Y365;
				INFOPLIST_FILE = MyDemo/Info.plist;
				LD_RUNPATH_SEARCH_PATHS = "$(inherited) @executable_path/Frameworks";
				PRODUCT_BUNDLE_IDENTIFIER = com.kbf00.MyDemo;
				PRODUCT_NAME = "$(TARGET_NAME)";
				SWIFT_VERSION = 3.0;
			};
			name = Debug;
		};
		040303D91FC6CD1B00E5C3B6 /* Release */ = {
			isa = XCBuildConfiguration;
			buildSettings = {
				ASSETCATALOG_COMPILER_APPICON_NAME = AppIcon;
				DEVELOPMENT_TEAM = EEQB59Y365;
				INFOPLIST_FILE = MyDemo/Info.plist;
				LD_RUNPATH_SEARCH_PATHS = "$(inherited) @executable_path/Frameworks";
				PRODUCT_BUNDLE_IDENTIFIER = com.kbf00.MyDemo;
				PRODUCT_NAME = "$(TARGET_NAME)";
				SWIFT_VERSION = 3.0;
			};
			name = Release;
		};
/* End XCBuildConfiguration section */

/* Begin XCConfigurationList section */
		040303C01FC6CD1B00E5C3B6 /* Build configuration list for PBXProject "MyDemo" */ = {
			isa = XCConfigurationList;
			buildConfigurations = (
				040303D51FC6CD1B00E5C3B6 /* Debug */,
				040303D61FC6CD1B00E5C3B6 /* Release */,
			);
			defaultConfigurationIsVisible = 0;
			defaultConfigurationName = Release;
		};
		040303D71FC6CD1B00E5C3B6 /* Build configuration list for PBXNativeTarget "MyDemo" */ = {
			isa = XCConfigurationList;
			buildConfigurations = (
				040303D81FC6CD1B00E5C3B6 /* Debug */,
				040303D91FC6CD1B00E5C3B6 /* Release */,
			);
			defaultConfigurationIsVisible = 0;
		};
/* End XCConfigurationList section */
	};
	rootObject = 040303BD1FC6CD1B00E5C3B6 /* Project object */;
}
